
Microsoft Visual Studio Solution File, Format Version 12.00
# Visual Studio Version 17
VisualStudioVersion = 17.1.32328.378
MinimumVisualStudioVersion = 10.0.40219.1
Project("{FAE04EC0-301F-11D3-BF4B-00C04F79EFBC}") = "Produce_FrontEnd", "Produce_FrontEnd\Produce_FrontEnd.csproj", "{2CDDF218-584B-40AC-854A-3C79C86AAE1C}"
EndProject
Global
	GlobalSection(SolutionConfigurationPlatforms) = preSolution
		Debug|Any CPU = Debug|Any CPU
		Release|Any CPU = Release|Any CPU
	EndGlobalSection
	GlobalSection(ProjectConfigurationPlatforms) = postSolution
		{2CDDF218-584B-40AC-854A-3C79C86AAE1C}.Debug|Any CPU.ActiveCfg = Debug|Any CPU
		{2CDDF218-584B-40AC-854A-3C79C86AAE1C}.Debug|Any CPU.Build.0 = Debug|Any CPU
		{2CDDF218-584B-40AC-854A-3C79C86AAE1C}.Release|Any CPU.ActiveCfg = Release|Any CPU
		{2CDDF218-584B-40AC-854A-3C79C86AAE1C}.Release|Any CPU.Build.0 = Release|Any CPU
	EndGlobalSection
	GlobalSection(SolutionProperties) = preSolution
		HideSolutionNode = FALSE
	EndGlobalSection
	GlobalSection(ExtensibilityGlobals) = postSolution
		SolutionGuid = {C0D5C429-2238-4CF7-8B71-26078CFAA386}
	EndGlobalSection
EndGlobal
